
Microsoft Visual Studio Solution File, Format Version 12.00
# Visual Studio Version 17
VisualStudioVersion = 17.14.36915.13
MinimumVisualStudioVersion = 10.0.40219.1
Project("{FAE04EC0-301F-11D3-BF4B-00C04F79EFBC}") = "CommunityIncidentReportApp", "src\CommunityIncidentReportApp\CommunityIncidentReportApp.csproj", "{A80604AB-1FB7-EA5F-2EDC-888DD3033B79}"
EndProject
Project("{2150E333-8FDC-42A3-9474-1A3956D46DE8}") = "src", "src", "{02EA681E-C7D8-13C7-8484-4AC65E1B71E8}"
EndProject
Project("{2150E333-8FDC-42A3-9474-1A3956D46DE8}") = "Solution Items", "Solution Items", "{8EC462FD-D22E-90A8-E5CE-7E832BA40C5D}"
	ProjectSection(SolutionItems) = preProject
		.editorconfig = .editorconfig
	EndProjectSection
EndProject
Project("{FAE04EC0-301F-11D3-BF4B-00C04F79EFBC}") = "Account", "src\Account\Account.csproj", "{75A5EB21-3AA0-93D8-156B-CF580FA9CE1D}"
EndProject
Project("{FAE04EC0-301F-11D3-BF4B-00C04F79EFBC}") = "Common", "src\Common\Common.csproj", "{3F3044DC-A9F8-DE16-79DD-4A0C1649CD06}"
EndProject
Project("{FAE04EC0-301F-11D3-BF4B-00C04F79EFBC}") = "Incidents", "src\Incidents\Incidents.csproj", "{1750DE75-412D-9600-88E3-95FF512BD455}"
EndProject
Global
	GlobalSection(SolutionConfigurationPlatforms) = preSolution
		Debug|Any CPU = Debug|Any CPU
		Release|Any CPU = Release|Any CPU
	EndGlobalSection
	GlobalSection(ProjectConfigurationPlatforms) = postSolution
		{A80604AB-1FB7-EA5F-2EDC-888DD3033B79}.Debug|Any CPU.ActiveCfg = Debug|Any CPU
		{A80604AB-1FB7-EA5F-2EDC-888DD3033B79}.Debug|Any CPU.Build.0 = Debug|Any CPU
		{A80604AB-1FB7-EA5F-2EDC-888DD3033B79}.Release|Any CPU.ActiveCfg = Release|Any CPU
		{A80604AB-1FB7-EA5F-2EDC-888DD3033B79}.Release|Any CPU.Build.0 = Release|Any CPU
		{75A5EB21-3AA0-93D8-156B-CF580FA9CE1D}.Debug|Any CPU.ActiveCfg = Debug|Any CPU
		{75A5EB21-3AA0-93D8-156B-CF580FA9CE1D}.Debug|Any CPU.Build.0 = Debug|Any CPU
		{75A5EB21-3AA0-93D8-156B-CF580FA9CE1D}.Release|Any CPU.ActiveCfg = Release|Any CPU
		{75A5EB21-3AA0-93D8-156B-CF580FA9CE1D}.Release|Any CPU.Build.0 = Release|Any CPU
		{3F3044DC-A9F8-DE16-79DD-4A0C1649CD06}.Debug|Any CPU.ActiveCfg = Debug|Any CPU
		{3F3044DC-A9F8-DE16-79DD-4A0C1649CD06}.Debug|Any CPU.Build.0 = Debug|Any CPU
		{3F3044DC-A9F8-DE16-79DD-4A0C1649CD06}.Release|Any CPU.ActiveCfg = Release|Any CPU
		{3F3044DC-A9F8-DE16-79DD-4A0C1649CD06}.Release|Any CPU.Build.0 = Release|Any CPU
		{1750DE75-412D-9600-88E3-95FF512BD455}.Debug|Any CPU.ActiveCfg = Debug|Any CPU
		{1750DE75-412D-9600-88E3-95FF512BD455}.Debug|Any CPU.Build.0 = Debug|Any CPU
		{1750DE75-412D-9600-88E3-95FF512BD455}.Release|Any CPU.ActiveCfg = Release|Any CPU
		{1750DE75-412D-9600-88E3-95FF512BD455}.Release|Any CPU.Build.0 = Release|Any CPU
	EndGlobalSection
	GlobalSection(SolutionProperties) = preSolution
		HideSolutionNode = FALSE
	EndGlobalSection
	GlobalSection(NestedProjects) = preSolution
		{A80604AB-1FB7-EA5F-2EDC-888DD3033B79} = {02EA681E-C7D8-13C7-8484-4AC65E1B71E8}
		{75A5EB21-3AA0-93D8-156B-CF580FA9CE1D} = {02EA681E-C7D8-13C7-8484-4AC65E1B71E8}
		{3F3044DC-A9F8-DE16-79DD-4A0C1649CD06} = {02EA681E-C7D8-13C7-8484-4AC65E1B71E8}
		{1750DE75-412D-9600-88E3-95FF512BD455} = {02EA681E-C7D8-13C7-8484-4AC65E1B71E8}
	EndGlobalSection
	GlobalSection(ExtensibilityGlobals) = postSolution
		SolutionGuid = {32E52A71-183F-432B-A7C7-B080F2DFD275}
	EndGlobalSection
EndGlobal
